
Microsoft Visual Studio Solution File, Format Version 12.00
# Visual Studio Version 16
VisualStudioVersion = 16.0.31624.102
MinimumVisualStudioVersion = 10.0.40219.1
Project("{9A19103F-16F7-4668-BE54-9A1E7A4F7556}") = "TestCI.DAL", "TestCI.DAL\TestCI.DAL.csproj", "{F87AF680-568D-43A1-98CA-F15F24B9C6BB}"
EndProject
Project("{9A19103F-16F7-4668-BE54-9A1E7A4F7556}") = "TestCI.Web", "TestCI.Web\TestCI.Web.csproj", "{EAC48BAD-F9F7-41C2-A46E-99E059ABE690}"
EndProject
Project("{2150E333-8FDC-42A3-9474-1A3956D46DE8}") = "Tests", "Tests", "{74E3F3D6-F20A-4954-AEA1-21993847B508}"
EndProject
Project("{9A19103F-16F7-4668-BE54-9A1E7A4F7556}") = "TestCI.DAL.Tests", "Tests\TestCI.DAL.Tests\TestCI.DAL.Tests.csproj", "{86957146-A89C-4265-8D38-457BEF1134F9}"
EndProject
Project("{9A19103F-16F7-4668-BE54-9A1E7A4F7556}") = "TestCI.Web.Tests", "Tests\TestCI.Web.Tests\TestCI.Web.Tests.csproj", "{402150C7-12C5-44DD-8C0C-B1C1DFA828A7}"
EndProject
Project("{2150E333-8FDC-42A3-9474-1A3956D46DE8}") = "Solution Items", "Solution Items", "{BACA8222-9254-4A51-A8CE-28F1669A0BF0}"
	ProjectSection(SolutionItems) = preProject
		appveyor.yml = appveyor.yml
		.github\workflows\codecov.yml = .github\workflows\codecov.yml
		.github\workflows\dotnet.yml = .github\workflows\dotnet.yml
	EndProjectSection
EndProject
Project("{9A19103F-16F7-4668-BE54-9A1E7A4F7556}") = "TestCI.HostedService", "TestCI.HostedService\TestCI.HostedService.csproj", "{CBEE0560-0158-4D53-9141-DB60423C8DD8}"
EndProject
Project("{9A19103F-16F7-4668-BE54-9A1E7A4F7556}") = "TestCI.Modules", "TestCI.Modules\TestCI.Modules.csproj", "{B93E9519-E724-4509-AF05-7361EA4617B4}"
EndProject
Project("{9A19103F-16F7-4668-BE54-9A1E7A4F7556}") = "TestCI.Common", "TestCI.Common\TestCI.Common.csproj", "{5751AB09-CA5F-49DA-A589-6994E5C6325E}"
EndProject
Project("{9A19103F-16F7-4668-BE54-9A1E7A4F7556}") = "TestCI.HostedService.Tests", "Tests\TestCI.HostedService.Tests\TestCI.HostedService.Tests.csproj", "{86349B8D-E0BB-47A1-8499-3E5BA2576682}"
EndProject
Project("{9A19103F-16F7-4668-BE54-9A1E7A4F7556}") = "TestCI.Modules.Tests", "Tests\TestCI.Modules.Tests\TestCI.Modules.Tests.csproj", "{0A55E143-451D-48BB-B955-BF5AF726D364}"
EndProject
Project("{9A19103F-16F7-4668-BE54-9A1E7A4F7556}") = "TestCI.Services", "TestCI.Services\TestCI.Services.csproj", "{4FAEE7F7-055E-4277-A675-44FAFFF32078}"
EndProject
Project("{9A19103F-16F7-4668-BE54-9A1E7A4F7556}") = "TestCI.Api", "TestCI.Api\TestCI.Api.csproj", "{115B0F03-36AD-4CE1-908D-4859ECAE6738}"
EndProject
Project("{9A19103F-16F7-4668-BE54-9A1E7A4F7556}") = "TestCI.Queue", "TestCI.Queue\TestCI.Queue.csproj", "{59C45868-AF81-485B-9BA5-29367BC57F80}"
EndProject
Project("{9A19103F-16F7-4668-BE54-9A1E7A4F7556}") = "TestCI.Api.Tests", "Tests\TestCI.Api.Tests\TestCI.Api.Tests.csproj", "{EDD22C00-3646-4313-AC2D-919506263359}"
EndProject
Project("{9A19103F-16F7-4668-BE54-9A1E7A4F7556}") = "TestCI.Queue.Tests", "Tests\TestCI.Queue.Tests\TestCI.Queue.Tests.csproj", "{80A2FFC7-D875-4808-81B0-70EE3E9D179F}"
EndProject
Global
	GlobalSection(SolutionConfigurationPlatforms) = preSolution
		CI|Any CPU = CI|Any CPU
		Debug|Any CPU = Debug|Any CPU
		Release|Any CPU = Release|Any CPU
	EndGlobalSection
	GlobalSection(ProjectConfigurationPlatforms) = postSolution
		{F87AF680-568D-43A1-98CA-F15F24B9C6BB}.CI|Any CPU.ActiveCfg = CI|Any CPU
		{F87AF680-568D-43A1-98CA-F15F24B9C6BB}.CI|Any CPU.Build.0 = CI|Any CPU
		{F87AF680-568D-43A1-98CA-F15F24B9C6BB}.Debug|Any CPU.ActiveCfg = Debug|Any CPU
		{F87AF680-568D-43A1-98CA-F15F24B9C6BB}.Debug|Any CPU.Build.0 = Debug|Any CPU
		{F87AF680-568D-43A1-98CA-F15F24B9C6BB}.Release|Any CPU.ActiveCfg = Release|Any CPU
		{F87AF680-568D-43A1-98CA-F15F24B9C6BB}.Release|Any CPU.Build.0 = Release|Any CPU
		{EAC48BAD-F9F7-41C2-A46E-99E059ABE690}.CI|Any CPU.ActiveCfg = CI|Any CPU
		{EAC48BAD-F9F7-41C2-A46E-99E059ABE690}.CI|Any CPU.Build.0 = CI|Any CPU
		{EAC48BAD-F9F7-41C2-A46E-99E059ABE690}.Debug|Any CPU.ActiveCfg = Debug|Any CPU
		{EAC48BAD-F9F7-41C2-A46E-99E059ABE690}.Debug|Any CPU.Build.0 = Debug|Any CPU
		{EAC48BAD-F9F7-41C2-A46E-99E059ABE690}.Release|Any CPU.ActiveCfg = Release|Any CPU
		{EAC48BAD-F9F7-41C2-A46E-99E059ABE690}.Release|Any CPU.Build.0 = Release|Any CPU
		{86957146-A89C-4265-8D38-457BEF1134F9}.CI|Any CPU.ActiveCfg = CI|Any CPU
		{86957146-A89C-4265-8D38-457BEF1134F9}.CI|Any CPU.Build.0 = CI|Any CPU
		{86957146-A89C-4265-8D38-457BEF1134F9}.Debug|Any CPU.ActiveCfg = Debug|Any CPU
		{86957146-A89C-4265-8D38-457BEF1134F9}.Debug|Any CPU.Build.0 = Debug|Any CPU
		{86957146-A89C-4265-8D38-457BEF1134F9}.Release|Any CPU.ActiveCfg = Release|Any CPU
		{86957146-A89C-4265-8D38-457BEF1134F9}.Release|Any CPU.Build.0 = Release|Any CPU
		{402150C7-12C5-44DD-8C0C-B1C1DFA828A7}.CI|Any CPU.ActiveCfg = CI|Any CPU
		{402150C7-12C5-44DD-8C0C-B1C1DFA828A7}.CI|Any CPU.Build.0 = CI|Any CPU
		{402150C7-12C5-44DD-8C0C-B1C1DFA828A7}.Debug|Any CPU.ActiveCfg = Debug|Any CPU
		{402150C7-12C5-44DD-8C0C-B1C1DFA828A7}.Debug|Any CPU.Build.0 = Debug|Any CPU
		{402150C7-12C5-44DD-8C0C-B1C1DFA828A7}.Release|Any CPU.ActiveCfg = Release|Any CPU
		{402150C7-12C5-44DD-8C0C-B1C1DFA828A7}.Release|Any CPU.Build.0 = Release|Any CPU
		{CBEE0560-0158-4D53-9141-DB60423C8DD8}.CI|Any CPU.ActiveCfg = CI|Any CPU
		{CBEE0560-0158-4D53-9141-DB60423C8DD8}.CI|Any CPU.Build.0 = CI|Any CPU
		{CBEE0560-0158-4D53-9141-DB60423C8DD8}.Debug|Any CPU.ActiveCfg = Debug|Any CPU
		{CBEE0560-0158-4D53-9141-DB60423C8DD8}.Debug|Any CPU.Build.0 = Debug|Any CPU
		{CBEE0560-0158-4D53-9141-DB60423C8DD8}.Release|Any CPU.ActiveCfg = Release|Any CPU
		{CBEE0560-0158-4D53-9141-DB60423C8DD8}.Release|Any CPU.Build.0 = Release|Any CPU
		{B93E9519-E724-4509-AF05-7361EA4617B4}.CI|Any CPU.ActiveCfg = CI|Any CPU
		{B93E9519-E724-4509-AF05-7361EA4617B4}.CI|Any CPU.Build.0 = CI|Any CPU
		{B93E9519-E724-4509-AF05-7361EA4617B4}.Debug|Any CPU.ActiveCfg = Debug|Any CPU
		{B93E9519-E724-4509-AF05-7361EA4617B4}.Debug|Any CPU.Build.0 = Debug|Any CPU
		{B93E9519-E724-4509-AF05-7361EA4617B4}.Release|Any CPU.ActiveCfg = Release|Any CPU
		{B93E9519-E724-4509-AF05-7361EA4617B4}.Release|Any CPU.Build.0 = Release|Any CPU
		{5751AB09-CA5F-49DA-A589-6994E5C6325E}.CI|Any CPU.ActiveCfg = CI|Any CPU
		{5751AB09-CA5F-49DA-A589-6994E5C6325E}.CI|Any CPU.Build.0 = CI|Any CPU
		{5751AB09-CA5F-49DA-A589-6994E5C6325E}.Debug|Any CPU.ActiveCfg = Debug|Any CPU
		{5751AB09-CA5F-49DA-A589-6994E5C6325E}.Debug|Any CPU.Build.0 = Debug|Any CPU
		{5751AB09-CA5F-49DA-A589-6994E5C6325E}.Release|Any CPU.ActiveCfg = Release|Any CPU
		{5751AB09-CA5F-49DA-A589-6994E5C6325E}.Release|Any CPU.Build.0 = Release|Any CPU
		{86349B8D-E0BB-47A1-8499-3E5BA2576682}.CI|Any CPU.ActiveCfg = CI|Any CPU
		{86349B8D-E0BB-47A1-8499-3E5BA2576682}.CI|Any CPU.Build.0 = CI|Any CPU
		{86349B8D-E0BB-47A1-8499-3E5BA2576682}.Debug|Any CPU.ActiveCfg = Debug|Any CPU
		{86349B8D-E0BB-47A1-8499-3E5BA2576682}.Debug|Any CPU.Build.0 = Debug|Any CPU
		{86349B8D-E0BB-47A1-8499-3E5BA2576682}.Release|Any CPU.ActiveCfg = Release|Any CPU
		{86349B8D-E0BB-47A1-8499-3E5BA2576682}.Release|Any CPU.Build.0 = Release|Any CPU
		{0A55E143-451D-48BB-B955-BF5AF726D364}.CI|Any CPU.ActiveCfg = CI|Any CPU
		{0A55E143-451D-48BB-B955-BF5AF726D364}.CI|Any CPU.Build.0 = CI|Any CPU
		{0A55E143-451D-48BB-B955-BF5AF726D364}.Debug|Any CPU.ActiveCfg = Debug|Any CPU
		{0A55E143-451D-48BB-B955-BF5AF726D364}.Debug|Any CPU.Build.0 = Debug|Any CPU
		{0A55E143-451D-48BB-B955-BF5AF726D364}.Release|Any CPU.ActiveCfg = Release|Any CPU
		{0A55E143-451D-48BB-B955-BF5AF726D364}.Release|Any CPU.Build.0 = Release|Any CPU
		{4FAEE7F7-055E-4277-A675-44FAFFF32078}.CI|Any CPU.ActiveCfg = CI|Any CPU
		{4FAEE7F7-055E-4277-A675-44FAFFF32078}.CI|Any CPU.Build.0 = CI|Any CPU
		{4FAEE7F7-055E-4277-A675-44FAFFF32078}.Debug|Any CPU.ActiveCfg = Debug|Any CPU
		{4FAEE7F7-055E-4277-A675-44FAFFF32078}.Debug|Any CPU.Build.0 = Debug|Any CPU
		{4FAEE7F7-055E-4277-A675-44FAFFF32078}.Release|Any CPU.ActiveCfg = Release|Any CPU
		{4FAEE7F7-055E-4277-A675-44FAFFF32078}.Release|Any CPU.Build.0 = Release|Any CPU
		{115B0F03-36AD-4CE1-908D-4859ECAE6738}.CI|Any CPU.ActiveCfg = CI|Any CPU
		{115B0F03-36AD-4CE1-908D-4859ECAE6738}.CI|Any CPU.Build.0 = CI|Any CPU
		{115B0F03-36AD-4CE1-908D-4859ECAE6738}.Debug|Any CPU.ActiveCfg = Debug|Any CPU
		{115B0F03-36AD-4CE1-908D-4859ECAE6738}.Debug|Any CPU.Build.0 = Debug|Any CPU
		{115B0F03-36AD-4CE1-908D-4859ECAE6738}.Release|Any CPU.ActiveCfg = Release|Any CPU
		{115B0F03-36AD-4CE1-908D-4859ECAE6738}.Release|Any CPU.Build.0 = Release|Any CPU
		{59C45868-AF81-485B-9BA5-29367BC57F80}.CI|Any CPU.ActiveCfg = CI|Any CPU
		{59C45868-AF81-485B-9BA5-29367BC57F80}.CI|Any CPU.Build.0 = CI|Any CPU
		{59C45868-AF81-485B-9BA5-29367BC57F80}.Debug|Any CPU.ActiveCfg = Debug|Any CPU
		{59C45868-AF81-485B-9BA5-29367BC57F80}.Debug|Any CPU.Build.0 = Debug|Any CPU
		{59C45868-AF81-485B-9BA5-29367BC57F80}.Release|Any CPU.ActiveCfg = Release|Any CPU
		{59C45868-AF81-485B-9BA5-29367BC57F80}.Release|Any CPU.Build.0 = Release|Any CPU
		{EDD22C00-3646-4313-AC2D-919506263359}.CI|Any CPU.ActiveCfg = CI|Any CPU
		{EDD22C00-3646-4313-AC2D-919506263359}.CI|Any CPU.Build.0 = CI|Any CPU
		{EDD22C00-3646-4313-AC2D-919506263359}.Debug|Any CPU.ActiveCfg = Debug|Any CPU
		{EDD22C00-3646-4313-AC2D-919506263359}.Debug|Any CPU.Build.0 = Debug|Any CPU
		{EDD22C00-3646-4313-AC2D-919506263359}.Release|Any CPU.ActiveCfg = Release|Any CPU
		{EDD22C00-3646-4313-AC2D-919506263359}.Release|Any CPU.Build.0 = Release|Any CPU
		{80A2FFC7-D875-4808-81B0-70EE3E9D179F}.CI|Any CPU.ActiveCfg = CI|Any CPU
		{80A2FFC7-D875-4808-81B0-70EE3E9D179F}.CI|Any CPU.Build.0 = CI|Any CPU
		{80A2FFC7-D875-4808-81B0-70EE3E9D179F}.Debug|Any CPU.ActiveCfg = Debug|Any CPU
		{80A2FFC7-D875-4808-81B0-70EE3E9D179F}.Debug|Any CPU.Build.0 = Debug|Any CPU
		{80A2FFC7-D875-4808-81B0-70EE3E9D179F}.Release|Any CPU.ActiveCfg = Release|Any CPU
		{80A2FFC7-D875-4808-81B0-70EE3E9D179F}.Release|Any CPU.Build.0 = Release|Any CPU
	EndGlobalSection
	GlobalSection(SolutionProperties) = preSolution
		HideSolutionNode = FALSE
	EndGlobalSection
	GlobalSection(NestedProjects) = preSolution
		{86957146-A89C-4265-8D38-457BEF1134F9} = {74E3F3D6-F20A-4954-AEA1-21993847B508}
		{402150C7-12C5-44DD-8C0C-B1C1DFA828A7} = {74E3F3D6-F20A-4954-AEA1-21993847B508}
		{86349B8D-E0BB-47A1-8499-3E5BA2576682} = {74E3F3D6-F20A-4954-AEA1-21993847B508}
		{0A55E143-451D-48BB-B955-BF5AF726D364} = {74E3F3D6-F20A-4954-AEA1-21993847B508}
		{EDD22C00-3646-4313-AC2D-919506263359} = {74E3F3D6-F20A-4954-AEA1-21993847B508}
		{80A2FFC7-D875-4808-81B0-70EE3E9D179F} = {74E3F3D6-F20A-4954-AEA1-21993847B508}
	EndGlobalSection
	GlobalSection(ExtensibilityGlobals) = postSolution
		SolutionGuid = {F03B5477-93C2-4C3C-A3AA-45E0C9B00B6D}
	EndGlobalSection
EndGlobal
