
Microsoft Visual Studio Solution File, Format Version 12.00
# Visual Studio Version 16
VisualStudioVersion = 16.0.31624.102
MinimumVisualStudioVersion = 10.0.40219.1
Project("{9A19103F-16F7-4668-BE54-9A1E7A4F7556}") = "TestCI.DAL", "TestCI.DAL\TestCI.DAL.csproj", "{F87AF680-568D-43A1-98CA-F15F24B9C6BB}"
EndProject
Project("{9A19103F-16F7-4668-BE54-9A1E7A4F7556}") = "TestCI.Web", "TestCI.Web\TestCI.Web.csproj", "{EAC48BAD-F9F7-41C2-A46E-99E059ABE690}"
EndProject
Project("{2150E333-8FDC-42A3-9474-1A3956D46DE8}") = "Tests", "Tests", "{74E3F3D6-F20A-4954-AEA1-21993847B508}"
EndProject
Project("{9A19103F-16F7-4668-BE54-9A1E7A4F7556}") = "TestCI.DAL.Tests", "Tests\TestCI.DAL.Tests\TestCI.DAL.Tests.csproj", "{86957146-A89C-4265-8D38-457BEF1134F9}"
EndProject
Project("{9A19103F-16F7-4668-BE54-9A1E7A4F7556}") = "TestCI.Web.Tests", "Tests\TestCI.Web.Tests\TestCI.Web.Tests.csproj", "{402150C7-12C5-44DD-8C0C-B1C1DFA828A7}"
EndProject
Project("{2150E333-8FDC-42A3-9474-1A3956D46DE8}") = "Solution Items", "Solution Items", "{BACA8222-9254-4A51-A8CE-28F1669A0BF0}"
	ProjectSection(SolutionItems) = preProject
		.github\workflows\dotnet.yml = .github\workflows\dotnet.yml
	EndProjectSection
EndProject
Global
	GlobalSection(SolutionConfigurationPlatforms) = preSolution
		Debug|Any CPU = Debug|Any CPU
		Release|Any CPU = Release|Any CPU
	EndGlobalSection
	GlobalSection(ProjectConfigurationPlatforms) = postSolution
		{F87AF680-568D-43A1-98CA-F15F24B9C6BB}.Debug|Any CPU.ActiveCfg = Debug|Any CPU
		{F87AF680-568D-43A1-98CA-F15F24B9C6BB}.Debug|Any CPU.Build.0 = Debug|Any CPU
		{F87AF680-568D-43A1-98CA-F15F24B9C6BB}.Release|Any CPU.ActiveCfg = Release|Any CPU
		{F87AF680-568D-43A1-98CA-F15F24B9C6BB}.Release|Any CPU.Build.0 = Release|Any CPU
		{EAC48BAD-F9F7-41C2-A46E-99E059ABE690}.Debug|Any CPU.ActiveCfg = Debug|Any CPU
		{EAC48BAD-F9F7-41C2-A46E-99E059ABE690}.Debug|Any CPU.Build.0 = Debug|Any CPU
		{EAC48BAD-F9F7-41C2-A46E-99E059ABE690}.Release|Any CPU.ActiveCfg = Release|Any CPU
		{EAC48BAD-F9F7-41C2-A46E-99E059ABE690}.Release|Any CPU.Build.0 = Release|Any CPU
		{86957146-A89C-4265-8D38-457BEF1134F9}.Debug|Any CPU.ActiveCfg = Debug|Any CPU
		{86957146-A89C-4265-8D38-457BEF1134F9}.Debug|Any CPU.Build.0 = Debug|Any CPU
		{86957146-A89C-4265-8D38-457BEF1134F9}.Release|Any CPU.ActiveCfg = Release|Any CPU
		{86957146-A89C-4265-8D38-457BEF1134F9}.Release|Any CPU.Build.0 = Release|Any CPU
		{402150C7-12C5-44DD-8C0C-B1C1DFA828A7}.Debug|Any CPU.ActiveCfg = Debug|Any CPU
		{402150C7-12C5-44DD-8C0C-B1C1DFA828A7}.Debug|Any CPU.Build.0 = Debug|Any CPU
		{402150C7-12C5-44DD-8C0C-B1C1DFA828A7}.Release|Any CPU.ActiveCfg = Release|Any CPU
		{402150C7-12C5-44DD-8C0C-B1C1DFA828A7}.Release|Any CPU.Build.0 = Release|Any CPU
	EndGlobalSection
	GlobalSection(SolutionProperties) = preSolution
		HideSolutionNode = FALSE
	EndGlobalSection
	GlobalSection(NestedProjects) = preSolution
		{86957146-A89C-4265-8D38-457BEF1134F9} = {74E3F3D6-F20A-4954-AEA1-21993847B508}
		{402150C7-12C5-44DD-8C0C-B1C1DFA828A7} = {74E3F3D6-F20A-4954-AEA1-21993847B508}
	EndGlobalSection
	GlobalSection(ExtensibilityGlobals) = postSolution
		SolutionGuid = {F03B5477-93C2-4C3C-A3AA-45E0C9B00B6D}
	EndGlobalSection
EndGlobal
