{
  "version": 1,
  "dependencies": {
    ".NETCoreApp,Version=v5.0": {
      "Microsoft.Extensions.Configuration": {
        "type": "Direct",
        "requested": "[5.0.0, )",
        "resolved": "5.0.0",
        "contentHash": "LN322qEKHjuVEhhXueTUe7RNePooZmS8aGid5aK2woX3NPjSnONFyKUc6+JknOS6ce6h2tCLfKPTBXE3mN/6Ag==",
        "dependencies": {
          "Microsoft.Extensions.Configuration.Abstractions": "5.0.0",
          "Microsoft.Extensions.Primitives": "5.0.0"
        }
      },
      "Microsoft.Extensions.DependencyInjection": {
        "type": "Direct",
        "requested": "[5.0.2, )",
        "resolved": "5.0.2",
        "contentHash": "xzFW00AZEvOXM1OX+0+AYH5op/Hf3u//e6wszBd/rK72sypD+jx5CtsHxM4BVuFBEs8SajfO4QzSJtrQaHDr4A==",
        "dependencies": {
          "Microsoft.Extensions.DependencyInjection.Abstractions": "5.0.0"
        }
      },
      "Microsoft.Extensions.Hosting.Abstractions": {
        "type": "Direct",
        "requested": "[5.0.0, )",
        "resolved": "5.0.0",
        "contentHash": "cbUOCePYBl1UhM+N2zmDSUyJ6cODulbtUd9gEzMFIK3RQDtP/gJsE08oLcBSXH3Q1RAQ0ex7OAB3HeTKB9bXpg==",
        "dependencies": {
          "Microsoft.Extensions.Configuration.Abstractions": "5.0.0",
          "Microsoft.Extensions.DependencyInjection.Abstractions": "5.0.0",
          "Microsoft.Extensions.FileProviders.Abstractions": "5.0.0"
        }
      },
      "Microsoft.EntityFrameworkCore": {
        "type": "Transitive",
        "resolved": "5.0.11",
        "contentHash": "2DQJvH6NRPRKPOR6ZaJe2pDn0bSpQZSzHk+7QatFo06KfvP3Tixy5DAOviXkP6963FEQMuVDSvZef1amORBnaw==",
        "dependencies": {
          "Microsoft.EntityFrameworkCore.Abstractions": "5.0.11",
          "Microsoft.EntityFrameworkCore.Analyzers": "5.0.11",
          "Microsoft.Extensions.Caching.Memory": "5.0.0",
          "Microsoft.Extensions.DependencyInjection": "5.0.2",
          "Microsoft.Extensions.Logging": "5.0.0",
          "System.Collections.Immutable": "5.0.0",
          "System.ComponentModel.Annotations": "5.0.0",
          "System.Diagnostics.DiagnosticSource": "5.0.1"
        }
      },
      "Microsoft.EntityFrameworkCore.Abstractions": {
        "type": "Transitive",
        "resolved": "5.0.11",
        "contentHash": "Ut1BeIwAavUncIChZ0jM7qdqVsnLI1i2eCn/7rdqpVW/JldPFMQzlCMBtiq7dGuVMSniDNUnc93olYtttyD/Fg=="
      },
      "Microsoft.EntityFrameworkCore.Analyzers": {
        "type": "Transitive",
        "resolved": "5.0.11",
        "contentHash": "6vCGQY0H667qkV5fGuhHzWPveF0dpEwEs9xQyDgamwxkIN7LrPHQGp2eOXj6xVF+i8noTLtTR4sNMizKSnI2JA=="
      },
      "Microsoft.EntityFrameworkCore.InMemory": {
        "type": "Transitive",
        "resolved": "5.0.11",
        "contentHash": "qtrmHiREbqsFnwFhgpdLFkA8yBcvn/NxCGJ2nTR7hIYHfBYSphwEnSPgPhqIEdHV1Hjuu2vQJrI0aLi6oAme7w==",
        "dependencies": {
          "Microsoft.EntityFrameworkCore": "5.0.11"
        }
      },
      "Microsoft.Extensions.Caching.Abstractions": {
        "type": "Transitive",
        "resolved": "5.0.0",
        "contentHash": "bu8As90/SBAouMZ6fJ+qRNo1X+KgHGrVueFhhYi+E5WqEhcnp2HoWRFnMzXQ6g4RdZbvPowFerSbKNH4Dtg5yg==",
        "dependencies": {
          "Microsoft.Extensions.Primitives": "5.0.0"
        }
      },
      "Microsoft.Extensions.Caching.Memory": {
        "type": "Transitive",
        "resolved": "5.0.0",
        "contentHash": "/1qPCleFOkJe0O+xmFqCNLFYQZTJz965sVw8CUB/BQgsApBwzAUsL2BUkDvQW+geRUVTXUS9zLa0pBjC2VJ1gA==",
        "dependencies": {
          "Microsoft.Extensions.Caching.Abstractions": "5.0.0",
          "Microsoft.Extensions.DependencyInjection.Abstractions": "5.0.0",
          "Microsoft.Extensions.Logging.Abstractions": "5.0.0",
          "Microsoft.Extensions.Options": "5.0.0",
          "Microsoft.Extensions.Primitives": "5.0.0"
        }
      },
      "Microsoft.Extensions.Configuration.Abstractions": {
        "type": "Transitive",
        "resolved": "5.0.0",
        "contentHash": "ETjSBHMp3OAZ4HxGQYpwyGsD8Sw5FegQXphi0rpoGMT74S4+I2mm7XJEswwn59XAaKOzC15oDSOWEE8SzDCd6Q==",
        "dependencies": {
          "Microsoft.Extensions.Primitives": "5.0.0"
        }
      },
      "Microsoft.Extensions.DependencyInjection.Abstractions": {
        "type": "Transitive",
        "resolved": "5.0.0",
        "contentHash": "ORj7Zh81gC69TyvmcUm9tSzytcy8AVousi+IVRAI8nLieQjOFryRusSFh7+aLk16FN9pQNqJAiMd7BTKINK0kA=="
      },
      "Microsoft.Extensions.FileProviders.Abstractions": {
        "type": "Transitive",
        "resolved": "5.0.0",
        "contentHash": "iuZIiZ3mteEb+nsUqpGXKx2cGF+cv6gWPd5jqQI4hzqdiJ6I94ddLjKhQOuRW1lueHwocIw30xbSHGhQj0zjdQ==",
        "dependencies": {
          "Microsoft.Extensions.Primitives": "5.0.0"
        }
      },
      "Microsoft.Extensions.Http": {
        "type": "Transitive",
        "resolved": "5.0.0",
        "contentHash": "kT1ijDKZuSUhBtYoC1sXrmVKP7mA08h9Xrsr4VrS/QOtiKCEtUTTd7dd3XI9dwAb46tZSak13q/zdIcr4jqbyg==",
        "dependencies": {
          "Microsoft.Extensions.DependencyInjection.Abstractions": "5.0.0",
          "Microsoft.Extensions.Logging": "5.0.0",
          "Microsoft.Extensions.Logging.Abstractions": "5.0.0",
          "Microsoft.Extensions.Options": "5.0.0"
        }
      },
      "Microsoft.Extensions.Logging": {
        "type": "Transitive",
        "resolved": "5.0.0",
        "contentHash": "MgOwK6tPzB6YNH21wssJcw/2MKwee8b2gI7SllYfn6rvTpIrVvVS5HAjSU2vqSku1fwqRvWP0MdIi14qjd93Aw==",
        "dependencies": {
          "Microsoft.Extensions.DependencyInjection": "5.0.0",
          "Microsoft.Extensions.DependencyInjection.Abstractions": "5.0.0",
          "Microsoft.Extensions.Logging.Abstractions": "5.0.0",
          "Microsoft.Extensions.Options": "5.0.0"
        }
      },
      "Microsoft.Extensions.Logging.Abstractions": {
        "type": "Transitive",
        "resolved": "5.0.0",
        "contentHash": "NxP6ahFcBnnSfwNBi2KH2Oz8Xl5Sm2krjId/jRR3I7teFphwiUoUeZPwTNA21EX+5PtjqmyAvKaOeBXcJjcH/w=="
      },
      "Microsoft.Extensions.Options": {
        "type": "Transitive",
        "resolved": "5.0.0",
        "contentHash": "CBvR92TCJ5uBIdd9/HzDSrxYak+0W/3+yxrNg8Qm6Bmrkh5L+nu6m3WeazQehcZ5q1/6dDA7J5YdQjim0165zg==",
        "dependencies": {
          "Microsoft.Extensions.DependencyInjection.Abstractions": "5.0.0",
          "Microsoft.Extensions.Primitives": "5.0.0"
        }
      },
      "Microsoft.Extensions.Primitives": {
        "type": "Transitive",
        "resolved": "5.0.0",
        "contentHash": "cI/VWn9G1fghXrNDagX9nYaaB/nokkZn0HYAawGaELQrl8InSezfe9OnfPZLcJq3esXxygh3hkq2c3qoV3SDyQ=="
      },
      "System.Collections.Immutable": {
        "type": "Transitive",
        "resolved": "5.0.0",
        "contentHash": "FXkLXiK0sVVewcso0imKQoOxjoPAj42R8HtjjbSjVPAzwDfzoyoznWxgA3c38LDbN9SJux1xXoXYAhz98j7r2g=="
      },
      "System.ComponentModel.Annotations": {
        "type": "Transitive",
        "resolved": "5.0.0",
        "contentHash": "dMkqfy2el8A8/I76n2Hi1oBFEbG1SfxD2l5nhwXV3XjlnOmwxJlQbYpJH4W51odnU9sARCSAgv7S3CyAFMkpYg=="
      },
      "System.Diagnostics.DiagnosticSource": {
        "type": "Transitive",
        "resolved": "5.0.1",
        "contentHash": "uXQEYqav2V3zP6OwkOKtLv+qIi6z3m1hsGyKwXX7ZA7htT4shoVccGxnJ9kVRFPNAsi1ArZTq2oh7WOto6GbkQ=="
      },
      "testci.api": {
        "type": "Project",
        "dependencies": {
          "Microsoft.Extensions.Configuration": "5.0.0",
          "Microsoft.Extensions.DependencyInjection": "5.0.2",
          "Microsoft.Extensions.Http": "5.0.0"
        }
      },
      "testci.common": {
        "type": "Project",
        "dependencies": {
          "Microsoft.EntityFrameworkCore": "5.0.11",
          "Microsoft.EntityFrameworkCore.InMemory": "5.0.11",
          "Microsoft.Extensions.Configuration": "5.0.0",
          "Microsoft.Extensions.DependencyInjection": "5.0.2"
        }
      },
      "testci.dal": {
        "type": "Project",
        "dependencies": {
          "Microsoft.EntityFrameworkCore": "5.0.11",
          "Microsoft.EntityFrameworkCore.InMemory": "5.0.11",
          "Microsoft.Extensions.Configuration": "5.0.0",
          "Microsoft.Extensions.DependencyInjection": "5.0.2"
        }
      },
      "testci.queue": {
        "type": "Project",
        "dependencies": {
          "Microsoft.Extensions.Configuration": "5.0.0",
          "Microsoft.Extensions.DependencyInjection": "5.0.2",
          "Microsoft.Extensions.Logging": "5.0.0",
          "TestCI.Api": "1.0.0",
          "TestCI.DAL": "1.0.0"
        }
      },
      "testci.services": {
        "type": "Project",
        "dependencies": {
          "Microsoft.Extensions.Configuration": "5.0.0",
          "Microsoft.Extensions.DependencyInjection": "5.0.2"
        }
      }
    }
  }
}